# This is a Gradle generated file for dependency locking.
# Manual edits can break the build and are not advised.
# This file is expected to be part of source control.
com.fasterxml.jackson.core:jackson-annotations:2.12.3=compileClasspath
com.fasterxml.jackson.core:jackson-core:2.12.3=compileClasspath
com.fasterxml.jackson.core:jackson-databind:2.12.3=compileClasspath
com.fasterxml.jackson:jackson-bom:2.12.3=compileClasspath
com.github.jknack:handlebars:4.2.0=compileClasspath
com.google.protobuf:protobuf-java:3.17.0=compileClasspath
commons-cli:commons-cli:1.4=compileClasspath
io.netty:netty-bom:4.1.60.Final=compileClasspath
io.netty:netty-buffer:4.1.60.Final=compileClasspath
io.netty:netty-codec-dns:4.1.60.Final=compileClasspath
io.netty:netty-codec-http2:4.1.60.Final=compileClasspath
io.netty:netty-codec-http:4.1.60.Final=compileClasspath
io.netty:netty-codec-socks:4.1.60.Final=compileClasspath
io.netty:netty-codec:4.1.60.Final=compileClasspath
io.netty:netty-common:4.1.60.Final=compileClasspath
io.netty:netty-handler-proxy:4.1.60.Final=compileClasspath
io.netty:netty-handler:4.1.60.Final=compileClasspath
io.netty:netty-resolver-dns:4.1.60.Final=compileClasspath
io.netty:netty-resolver:4.1.60.Final=compileClasspath
io.netty:netty-transport:4.1.60.Final=compileClasspath
io.vertx:vertx-auth-common:4.0.3=compileClasspath
io.vertx:vertx-bridge-common:4.0.3=compileClasspath
io.vertx:vertx-core:4.0.3=compileClasspath
io.vertx:vertx-stack-depchain:4.0.3=compileClasspath
io.vertx:vertx-web-common:4.0.3=compileClasspath
io.vertx:vertx-web-templ-handlebars:4.0.3=compileClasspath
io.vertx:vertx-web:4.0.3=compileClasspath
org.apache.logging.log4j:log4j-api:2.14.1=compileClasspath
org.apache.logging.log4j:log4j-bom:2.14.1=compileClasspath
org.apache.logging.log4j:log4j-core:2.14.1=compileClasspath
org.apache.logging.log4j:log4j-slf4j-impl:2.14.1=compileClasspath
org.jmdns:jmdns:3.5.6=compileClasspath
org.slf4j:slf4j-api:1.7.30=compileClasspath
empty=
